
Microsoft Visual Studio Solution File, Format Version 12.00
# Visual Studio Version 17
VisualStudioVersion = 17.3.32901.215
MinimumVisualStudioVersion = 10.0.40219.1
Project("{FAE04EC0-301F-11D3-BF4B-00C04F79EFBC}") = "TarifDefrerim", "TarifDefrerim\TarifDefrerim.csproj", "{AF985D7E-0692-4666-8EDD-9B8B57C94082}"
EndProject
Project("{FAE04EC0-301F-11D3-BF4B-00C04F79EFBC}") = "TarifDefrerim.BusinessLayer", "TarifDefrerim.BusinessLayer\TarifDefrerim.BusinessLayer.csproj", "{FB875B16-9263-4E6D-956B-9EBD8C74CE7C}"
EndProject
Project("{FAE04EC0-301F-11D3-BF4B-00C04F79EFBC}") = "TarifDefrerim.DataAccessLayer", "TarifDefrerim.DataAccessLayer\TarifDefrerim.DataAccessLayer.csproj", "{B0D75DCE-7859-4F5F-84B1-F4043D746AD0}"
EndProject
Project("{FAE04EC0-301F-11D3-BF4B-00C04F79EFBC}") = "TarifDefrerim.Entity", "TarifDefrerim.Entity\TarifDefrerim.Entity.csproj", "{B746E31D-5A4C-45AC-A5FC-8C2245F17BEC}"
EndProject
Project("{FAE04EC0-301F-11D3-BF4B-00C04F79EFBC}") = "TarifDefrerim.Common", "TarifDefrerim.Common\TarifDefrerim.Common.csproj", "{A263FB48-B4F7-462E-AFCF-9344D0B3B9E8}"
EndProject
Global
	GlobalSection(SolutionConfigurationPlatforms) = preSolution
		Debug|Any CPU = Debug|Any CPU
		Release|Any CPU = Release|Any CPU
	EndGlobalSection
	GlobalSection(ProjectConfigurationPlatforms) = postSolution
		{AF985D7E-0692-4666-8EDD-9B8B57C94082}.Debug|Any CPU.ActiveCfg = Debug|Any CPU
		{AF985D7E-0692-4666-8EDD-9B8B57C94082}.Debug|Any CPU.Build.0 = Debug|Any CPU
		{AF985D7E-0692-4666-8EDD-9B8B57C94082}.Release|Any CPU.ActiveCfg = Release|Any CPU
		{AF985D7E-0692-4666-8EDD-9B8B57C94082}.Release|Any CPU.Build.0 = Release|Any CPU
		{FB875B16-9263-4E6D-956B-9EBD8C74CE7C}.Debug|Any CPU.ActiveCfg = Debug|Any CPU
		{FB875B16-9263-4E6D-956B-9EBD8C74CE7C}.Debug|Any CPU.Build.0 = Debug|Any CPU
		{FB875B16-9263-4E6D-956B-9EBD8C74CE7C}.Release|Any CPU.ActiveCfg = Release|Any CPU
		{FB875B16-9263-4E6D-956B-9EBD8C74CE7C}.Release|Any CPU.Build.0 = Release|Any CPU
		{B0D75DCE-7859-4F5F-84B1-F4043D746AD0}.Debug|Any CPU.ActiveCfg = Debug|Any CPU
		{B0D75DCE-7859-4F5F-84B1-F4043D746AD0}.Debug|Any CPU.Build.0 = Debug|Any CPU
		{B0D75DCE-7859-4F5F-84B1-F4043D746AD0}.Release|Any CPU.ActiveCfg = Release|Any CPU
		{B0D75DCE-7859-4F5F-84B1-F4043D746AD0}.Release|Any CPU.Build.0 = Release|Any CPU
		{B746E31D-5A4C-45AC-A5FC-8C2245F17BEC}.Debug|Any CPU.ActiveCfg = Debug|Any CPU
		{B746E31D-5A4C-45AC-A5FC-8C2245F17BEC}.Debug|Any CPU.Build.0 = Debug|Any CPU
		{B746E31D-5A4C-45AC-A5FC-8C2245F17BEC}.Release|Any CPU.ActiveCfg = Release|Any CPU
		{B746E31D-5A4C-45AC-A5FC-8C2245F17BEC}.Release|Any CPU.Build.0 = Release|Any CPU
		{A263FB48-B4F7-462E-AFCF-9344D0B3B9E8}.Debug|Any CPU.ActiveCfg = Debug|Any CPU
		{A263FB48-B4F7-462E-AFCF-9344D0B3B9E8}.Debug|Any CPU.Build.0 = Debug|Any CPU
		{A263FB48-B4F7-462E-AFCF-9344D0B3B9E8}.Release|Any CPU.ActiveCfg = Release|Any CPU
		{A263FB48-B4F7-462E-AFCF-9344D0B3B9E8}.Release|Any CPU.Build.0 = Release|Any CPU
	EndGlobalSection
	GlobalSection(SolutionProperties) = preSolution
		HideSolutionNode = FALSE
	EndGlobalSection
	GlobalSection(ExtensibilityGlobals) = postSolution
		SolutionGuid = {FC4CC6EF-0227-4E45-B175-73BBD6ADB586}
	EndGlobalSection
EndGlobal
